
Microsoft Visual Studio Solution File, Format Version 12.00
# Visual Studio Version 16
VisualStudioVersion = 16.0.30128.74
MinimumVisualStudioVersion = 10.0.40219.1
Project("{9A19103F-16F7-4668-BE54-9A1E7A4F7556}") = "PhoneBook", "PhoneBook.csproj", "{52D29C13-E6E4-426F-BDFA-BE6646E79BAB}"
EndProject
Global
	GlobalSection(SolutionConfigurationPlatforms) = preSolution
		Debug|Any CPU = Debug|Any CPU
		Release|Any CPU = Release|Any CPU
	EndGlobalSection
	GlobalSection(ProjectConfigurationPlatforms) = postSolution
		{52D29C13-E6E4-426F-BDFA-BE6646E79BAB}.Debug|Any CPU.ActiveCfg = Debug|Any CPU
		{52D29C13-E6E4-426F-BDFA-BE6646E79BAB}.Debug|Any CPU.Build.0 = Debug|Any CPU
		{52D29C13-E6E4-426F-BDFA-BE6646E79BAB}.Release|Any CPU.ActiveCfg = Release|Any CPU
		{52D29C13-E6E4-426F-BDFA-BE6646E79BAB}.Release|Any CPU.Build.0 = Release|Any CPU
	EndGlobalSection
	GlobalSection(SolutionProperties) = preSolution
		HideSolutionNode = FALSE
	EndGlobalSection
	GlobalSection(ExtensibilityGlobals) = postSolution
		SolutionGuid = {CDD43D04-67A3-4E38-BEB8-029988EA8EA5}
	EndGlobalSection
EndGlobal
